{
  "name": "chat-service",
  "version": "1.0.0",
  "lockfileVersion": 3,
  "requires": true,
  "packages": {
    "": {
      "name": "chat-service",
      "version": "1.0.0",
      "license": "ISC",
      "dependencies": {
        "@react-google-maps/api": "^2.20.7",
        "@tsparticles/preset-big-circles": "^3.2.0",
        "@tsparticles/react": "^3.0.0",
        "@types/google.maps": "^3.58.1",
        "camelize": "^1.0.1",
        "css-color-keywords": "^1.0.0",
        "css-to-react-native": "^3.2.0",
        "csstype": "^3.1.3",
        "framer-motion": "^12.23.12",
        "goober": "^2.1.16",
        "lottie-react": "^2.4.1",
        "nanoid": "^3.3.11",
        "picocolors": "^1.1.1",
        "postcss": "^8.4.49",
        "postcss-value-parser": "^4.2.0",
        "react": "^19.1.0",
        "react-dom": "^19.1.0",
        "react-hot-toast": "^2.5.2",
        "react-icons": "^5.5.0",
        "scheduler": "^0.26.0",
        "shallowequal": "^1.1.0",
        "source-map-js": "^1.2.1",
        "styled-components": "^6.1.19",
        "stylis": "^4.3.2",
        "tslib": "^2.6.2",
        "tsparticles-engine": "^2.12.0"
      }
    },
    "node_modules/@emotion/is-prop-valid": {
      "version": "1.2.2",
      "resolved": "https://registry.npmjs.org/@emotion/is-prop-valid/-/is-prop-valid-1.2.2.tgz",
      "integrity": "sha512-uNsoYd37AFmaCdXlg6EYD1KaPOaRWRByMCYzbKUX4+hhMfrxdVSelShywL4JVaAeM/eHUOSprYBQls+/neX3pw==",
      "license": "MIT",
      "dependencies": {
        "@emotion/memoize": "^0.8.1"
      }
    },
    "node_modules/@emotion/memoize": {
      "version": "0.8.1",
      "resolved": "https://registry.npmjs.org/@emotion/memoize/-/memoize-0.8.1.tgz",
      "integrity": "sha512-W2P2c/VRW1/1tLox0mVUalvnWXxavmv/Oum2aPsRcoDJuob75FC3Y8FbpfLwUegRcxINtGUMPq0tFCvYNTBXNA==",
      "license": "MIT"
    },
    "node_modules/@emotion/unitless": {
      "version": "0.8.1",
      "resolved": "https://registry.npmjs.org/@emotion/unitless/-/unitless-0.8.1.tgz",
      "integrity": "sha512-KOEGMu6dmJZtpadb476IsZBclKvILjopjUii3V+7MnXIQCYh8W3NgNcgwo21n9LXZX6EDIKvqfjYxXebDwxKmQ==",
      "license": "MIT"
    },
    "node_modules/@googlemaps/js-api-loader": {
      "version": "1.16.8",
      "resolved": "https://registry.npmjs.org/@googlemaps/js-api-loader/-/js-api-loader-1.16.8.tgz",
      "integrity": "sha512-CROqqwfKotdO6EBjZO/gQGVTbeDps5V7Mt9+8+5Q+jTg5CRMi3Ii/L9PmV3USROrt2uWxtGzJHORmByxyo9pSQ==",
      "license": "Apache-2.0"
    },
    "node_modules/@googlemaps/markerclusterer": {
      "version": "2.5.3",
      "resolved": "https://registry.npmjs.org/@googlemaps/markerclusterer/-/markerclusterer-2.5.3.tgz",
      "integrity": "sha512-x7lX0R5yYOoiNectr10wLgCBasNcXFHiADIBdmn7jQllF2B5ENQw5XtZK+hIw4xnV0Df0xhN4LN98XqA5jaiOw==",
      "license": "Apache-2.0",
      "dependencies": {
        "fast-deep-equal": "^3.1.3",
        "supercluster": "^8.0.1"
      }
    },
    "node_modules/@react-google-maps/api": {
      "version": "2.20.7",
      "resolved": "https://registry.npmjs.org/@react-google-maps/api/-/api-2.20.7.tgz",
      "integrity": "sha512-ys7uri3V6gjhYZUI43srHzSKDC6/jiKTwHNlwXFTvjeaJE3M3OaYBt9FZKvJs8qnOhL6i6nD1BKJoi1KrnkCkg==",
      "license": "MIT",
      "dependencies": {
        "@googlemaps/js-api-loader": "1.16.8",
        "@googlemaps/markerclusterer": "2.5.3",
        "@react-google-maps/infobox": "2.20.0",
        "@react-google-maps/marker-clusterer": "2.20.0",
        "@types/google.maps": "3.58.1",
        "invariant": "2.2.4"
      },
      "peerDependencies": {
        "react": "^16.8 || ^17 || ^18 || ^19",
        "react-dom": "^16.8 || ^17 || ^18 || ^19"
      }
    },
    "node_modules/@react-google-maps/infobox": {
      "version": "2.20.0",
      "resolved": "https://registry.npmjs.org/@react-google-maps/infobox/-/infobox-2.20.0.tgz",
      "integrity": "sha512-03PJHjohhaVLkX6+NHhlr8CIlvUxWaXhryqDjyaZ8iIqqix/nV8GFdz9O3m5OsjtxtNho09F/15j14yV0nuyLQ==",
      "license": "MIT"
    },
    "node_modules/@react-google-maps/marker-clusterer": {
      "version": "2.20.0",
      "resolved": "https://registry.npmjs.org/@react-google-maps/marker-clusterer/-/marker-clusterer-2.20.0.tgz",
      "integrity": "sha512-tieX9Va5w1yP88vMgfH1pHTacDQ9TgDTjox3tLlisKDXRQWdjw+QeVVghhf5XqqIxXHgPdcGwBvKY6UP+SIvLw==",
      "license": "MIT"
    },
    "node_modules/@tsparticles/basic": {
      "version": "3.9.1",
      "resolved": "https://registry.npmjs.org/@tsparticles/basic/-/basic-3.9.1.tgz",
      "integrity": "sha512-ijr2dHMx0IQHqhKW3qA8tfwrR2XYbbWYdaJMQuBo2CkwBVIhZ76U+H20Y492j/NXpd1FUnt2aC0l4CEVGVGdeQ==",
      "funding": [
        {
          "type": "github",
          "url": "https://github.com/sponsors/matteobruni"
        },
        {
          "type": "github",
          "url": "https://github.com/sponsors/tsparticles"
        },
        {
          "type": "buymeacoffee",
          "url": "https://www.buymeacoffee.com/matteobruni"
        }
      ],
      "license": "MIT",
      "dependencies": {
        "@tsparticles/engine": "3.9.1",
        "@tsparticles/move-base": "3.9.1",
        "@tsparticles/plugin-hex-color": "3.9.1",
        "@tsparticles/plugin-hsl-color": "3.9.1",
        "@tsparticles/plugin-rgb-color": "3.9.1",
        "@tsparticles/shape-circle": "3.9.1",
        "@tsparticles/updater-color": "3.9.1",
        "@tsparticles/updater-opacity": "3.9.1",
        "@tsparticles/updater-out-modes": "3.9.1",
        "@tsparticles/updater-size": "3.9.1"
      }
    },
    "node_modules/@tsparticles/engine": {
      "version": "3.9.1",
      "resolved": "https://registry.npmjs.org/@tsparticles/engine/-/engine-3.9.1.tgz",
      "integrity": "sha512-DpdgAhWMZ3Eh2gyxik8FXS6BKZ8vyea+Eu5BC4epsahqTGY9V3JGGJcXC6lRJx6cPMAx1A0FaQAojPF3v6rkmQ==",
      "funding": [
        {
          "type": "github",
          "url": "https://github.com/sponsors/matteobruni"
        },
        {
          "type": "github",
          "url": "https://github.com/sponsors/tsparticles"
        },
        {
          "type": "buymeacoffee",
          "url": "https://www.buymeacoffee.com/matteobruni"
        }
      ],
      "hasInstallScript": true,
      "license": "MIT"
    },
    "node_modules/@tsparticles/move-base": {
      "version": "3.9.1",
      "resolved": "https://registry.npmjs.org/@tsparticles/move-base/-/move-base-3.9.1.tgz",
      "integrity": "sha512-X4huBS27d8srpxwOxliWPUt+NtCwY+8q/cx1DvQxyqmTA8VFCGpcHNwtqiN+9JicgzOvSuaORVqUgwlsc7h4pQ==",
      "license": "MIT",
      "dependencies": {
        "@tsparticles/engine": "3.9.1"
      }
    },
    "node_modules/@tsparticles/plugin-emitters": {
      "version": "3.9.1",
      "resolved": "https://registry.npmjs.org/@tsparticles/plugin-emitters/-/plugin-emitters-3.9.1.tgz",
      "integrity": "sha512-h7opR8SoFWBmVHceDLJUerLENaPfkJSh2zQYvzmLj2L+V3VLS1QDgty+4QZVeZfqNROmgQw2eLFA5El1E0sqqw==",
      "license": "MIT",
      "dependencies": {
        "@tsparticles/engine": "3.9.1"
      }
    },
    "node_modules/@tsparticles/plugin-emitters-shape-square": {
      "version": "3.9.1",
      "resolved": "https://registry.npmjs.org/@tsparticles/plugin-emitters-shape-square/-/plugin-emitters-shape-square-3.9.1.tgz",
      "integrity": "sha512-dhA1c7FKs19B8lgTf25OTA3JoptNA+rjorsqCFuY1BZDI8g9E8DNqikUge14/W7nZN96+98hY+ghxSl4K2YsgA==",
      "funding": [
        {
          "type": "github",
          "url": "https://github.com/sponsors/matteobruni"
        },
        {
          "type": "github",
          "url": "https://github.com/sponsors/tsparticles"
        },
        {
          "type": "buymeacoffee",
          "url": "https://www.buymeacoffee.com/matteobruni"
        }
      ],
      "license": "MIT",
      "dependencies": {
        "@tsparticles/engine": "3.9.1",
        "@tsparticles/plugin-emitters": "3.9.1"
      }
    },
    "node_modules/@tsparticles/plugin-hex-color": {
      "version": "3.9.1",
      "resolved": "https://registry.npmjs.org/@tsparticles/plugin-hex-color/-/plugin-hex-color-3.9.1.tgz",
      "integrity": "sha512-vZgZ12AjUicJvk7AX4K2eAmKEQX/D1VEjEPFhyjbgI7A65eX72M465vVKIgNA6QArLZ1DLs7Z787LOE6GOBWsg==",
      "funding": [
        {
          "type": "github",
          "url": "https://github.com/sponsors/matteobruni"
        },
        {
          "type": "github",
          "url": "https://github.com/sponsors/tsparticles"
        },
        {
          "type": "buymeacoffee",
          "url": "https://www.buymeacoffee.com/matteobruni"
        }
      ],
      "license": "MIT",
      "dependencies": {
        "@tsparticles/engine": "3.9.1"
      }
    },
    "node_modules/@tsparticles/plugin-hsl-color": {
      "version": "3.9.1",
      "resolved": "https://registry.npmjs.org/@tsparticles/plugin-hsl-color/-/plugin-hsl-color-3.9.1.tgz",
      "integrity": "sha512-jJd1iGgRwX6eeNjc1zUXiJivaqC5UE+SC2A3/NtHwwoQrkfxGWmRHOsVyLnOBRcCPgBp/FpdDe6DIDjCMO715w==",
      "funding": [
        {
          "type": "github",
          "url": "https://github.com/sponsors/matteobruni"
        },
        {
          "type": "github",
          "url": "https://github.com/sponsors/tsparticles"
        },
        {
          "type": "buymeacoffee",
          "url": "https://www.buymeacoffee.com/matteobruni"
        }
      ],
      "license": "MIT",
      "dependencies": {
        "@tsparticles/engine": "3.9.1"
      }
    },
    "node_modules/@tsparticles/plugin-rgb-color": {
      "version": "3.9.1",
      "resolved": "https://registry.npmjs.org/@tsparticles/plugin-rgb-color/-/plugin-rgb-color-3.9.1.tgz",
      "integrity": "sha512-SBxk7f1KBfXeTnnklbE2Hx4jBgh6I6HOtxb+Os1gTp0oaghZOkWcCD2dP4QbUu7fVNCMOcApPoMNC8RTFcy9wQ==",
      "funding": [
        {
          "type": "github",
          "url": "https://github.com/sponsors/matteobruni"
        },
        {
          "type": "github",
          "url": "https://github.com/sponsors/tsparticles"
        },
        {
          "type": "buymeacoffee",
          "url": "https://www.buymeacoffee.com/matteobruni"
        }
      ],
      "license": "MIT",
      "dependencies": {
        "@tsparticles/engine": "3.9.1"
      }
    },
    "node_modules/@tsparticles/preset-big-circles": {
      "version": "3.2.0",
      "resolved": "https://registry.npmjs.org/@tsparticles/preset-big-circles/-/preset-big-circles-3.2.0.tgz",
      "integrity": "sha512-3mmvYVPdukUdvswa9QsUfLayHxzbZUMlxVz3mkRgj/VAIDoQBXAvlWUzJ24c4BD/CC6iUDME0eU8o4gu0Bw89g==",
      "funding": [
        {
          "type": "github",
          "url": "https://github.com/sponsors/matteobruni"
        },
        {
          "type": "github",
          "url": "https://github.com/sponsors/tsparticles"
        },
        {
          "type": "buymeacoffee",
          "url": "https://www.buymeacoffee.com/matteobruni"
        }
      ],
      "license": "MIT",
      "dependencies": {
        "@tsparticles/basic": "^3.7.1",
        "@tsparticles/engine": "^3.7.1",
        "@tsparticles/plugin-emitters": "^3.7.1",
        "@tsparticles/plugin-emitters-shape-square": "^3.7.1"
      }
    },
    "node_modules/@tsparticles/react": {
      "version": "3.0.0",
      "resolved": "https://registry.npmjs.org/@tsparticles/react/-/react-3.0.0.tgz",
      "integrity": "sha512-hjGEtTT1cwv6BcjL+GcVgH++KYs52bIuQGW3PWv7z3tMa8g0bd6RI/vWSLj7p//NZ3uTjEIeilYIUPBh7Jfq/Q==",
      "peerDependencies": {
        "@tsparticles/engine": "^3.0.2",
        "react": ">=16.8.0",
        "react-dom": ">=16.8.0"
      }
    },
    "node_modules/@tsparticles/shape-circle": {
      "version": "3.9.1",
      "resolved": "https://registry.npmjs.org/@tsparticles/shape-circle/-/shape-circle-3.9.1.tgz",
      "integrity": "sha512-DqZFLjbuhVn99WJ+A9ajz9YON72RtCcvubzq6qfjFmtwAK7frvQeb6iDTp6Ze9FUipluxVZWVRG4vWTxi2B+/g==",
      "license": "MIT",
      "dependencies": {
        "@tsparticles/engine": "3.9.1"
      }
    },
    "node_modules/@tsparticles/updater-color": {
      "version": "3.9.1",
      "resolved": "https://registry.npmjs.org/@tsparticles/updater-color/-/updater-color-3.9.1.tgz",
      "integrity": "sha512-XGWdscrgEMA8L5E7exsE0f8/2zHKIqnTrZymcyuFBw2DCB6BIV+5z6qaNStpxrhq3DbIxxhqqcybqeOo7+Alpg==",
      "license": "MIT",
      "dependencies": {
        "@tsparticles/engine": "3.9.1"
      }
    },
    "node_modules/@tsparticles/updater-opacity": {
      "version": "3.9.1",
      "resolved": "https://registry.npmjs.org/@tsparticles/updater-opacity/-/updater-opacity-3.9.1.tgz",
      "integrity": "sha512-w778LQuRZJ+IoWzeRdrGykPYSSaTeWfBvLZ2XwYEkh/Ss961InOxZKIpcS6i5Kp/Zfw0fS1ZAuqeHwuj///Osw==",
      "license": "MIT",
      "dependencies": {
        "@tsparticles/engine": "3.9.1"
      }
    },
    "node_modules/@tsparticles/updater-out-modes": {
      "version": "3.9.1",
      "resolved": "https://registry.npmjs.org/@tsparticles/updater-out-modes/-/updater-out-modes-3.9.1.tgz",
      "integrity": "sha512-cKQEkAwbru+hhKF+GTsfbOvuBbx2DSB25CxOdhtW2wRvDBoCnngNdLw91rs+0Cex4tgEeibkebrIKFDDE6kELg==",
      "license": "MIT",
      "dependencies": {
        "@tsparticles/engine": "3.9.1"
      }
    },
    "node_modules/@tsparticles/updater-size": {
      "version": "3.9.1",
      "resolved": "https://registry.npmjs.org/@tsparticles/updater-size/-/updater-size-3.9.1.tgz",
      "integrity": "sha512-3NSVs0O2ApNKZXfd+y/zNhTXSFeG1Pw4peI8e6z/q5+XLbmue9oiEwoPy/tQLaark3oNj3JU7Q903ZijPyXSzw==",
      "license": "MIT",
      "dependencies": {
        "@tsparticles/engine": "3.9.1"
      }
    },
    "node_modules/@types/google.maps": {
      "version": "3.58.1",
      "resolved": "https://registry.npmjs.org/@types/google.maps/-/google.maps-3.58.1.tgz",
      "integrity": "sha512-X9QTSvGJ0nCfMzYOnaVs/k6/4L+7F5uCS+4iUmkLEls6J9S/Phv+m/i3mDeyc49ZBgwab3EFO1HEoBY7k98EGQ==",
      "license": "MIT"
    },
    "node_modules/@types/stylis": {
      "version": "4.2.5",
      "resolved": "https://registry.npmjs.org/@types/stylis/-/stylis-4.2.5.tgz",
      "integrity": "sha512-1Xve+NMN7FWjY14vLoY5tL3BVEQ/n42YLwaqJIPYhotZ9uBHt87VceMwWQpzmdEt2TNXIorIFG+YeCUUW7RInw==",
      "license": "MIT"
    },
    "node_modules/camelize": {
      "version": "1.0.1",
      "resolved": "https://registry.npmjs.org/camelize/-/camelize-1.0.1.tgz",
      "integrity": "sha512-dU+Tx2fsypxTgtLoE36npi3UqcjSSMNYfkqgmoEhtZrraP5VWq0K7FkWVTYa8eMPtnU/G2txVsfdCJTn9uzpuQ==",
      "license": "MIT",
      "funding": {
        "url": "https://github.com/sponsors/ljharb"
      }
    },
    "node_modules/css-color-keywords": {
      "version": "1.0.0",
      "resolved": "https://registry.npmjs.org/css-color-keywords/-/css-color-keywords-1.0.0.tgz",
      "integrity": "sha512-FyyrDHZKEjXDpNJYvVsV960FiqQyXc/LlYmsxl2BcdMb2WPx0OGRVgTg55rPSyLSNMqP52R9r8geSp7apN3Ofg==",
      "license": "ISC",
      "engines": {
        "node": ">=4"
      }
    },
    "node_modules/css-to-react-native": {
      "version": "3.2.0",
      "resolved": "https://registry.npmjs.org/css-to-react-native/-/css-to-react-native-3.2.0.tgz",
      "integrity": "sha512-e8RKaLXMOFii+02mOlqwjbD00KSEKqblnpO9e++1aXS1fPQOpS1YoqdVHBqPjHNoxeF2mimzVqawm2KCbEdtHQ==",
      "license": "MIT",
      "dependencies": {
        "camelize": "^1.0.0",
        "css-color-keywords": "^1.0.0",
        "postcss-value-parser": "^4.0.2"
      }
    },
    "node_modules/csstype": {
      "version": "3.1.3",
      "resolved": "https://registry.npmjs.org/csstype/-/csstype-3.1.3.tgz",
      "integrity": "sha512-M1uQkMl8rQK/szD0LNhtqxIPLpimGm8sOBwU7lLnCpSbTyY3yeU1Vc7l4KT5zT4s/yOxHH5O7tIuuLOCnLADRw==",
      "license": "MIT"
    },
    "node_modules/fast-deep-equal": {
      "version": "3.1.3",
      "resolved": "https://registry.npmjs.org/fast-deep-equal/-/fast-deep-equal-3.1.3.tgz",
      "integrity": "sha512-f3qQ9oQy9j2AhBe/H9VC91wLmKBCCU/gDOnKNAYG5hswO7BLKj09Hc5HYNz9cGI++xlpDCIgDaitVs03ATR84Q==",
      "license": "MIT"
    },
    "node_modules/framer-motion": {
      "version": "12.23.12",
      "resolved": "https://registry.npmjs.org/framer-motion/-/framer-motion-12.23.12.tgz",
      "integrity": "sha512-6e78rdVtnBvlEVgu6eFEAgG9v3wLnYEboM8I5O5EXvfKC8gxGQB8wXJdhkMy10iVcn05jl6CNw7/HTsTCfwcWg==",
      "license": "MIT",
      "dependencies": {
        "motion-dom": "^12.23.12",
        "motion-utils": "^12.23.6",
        "tslib": "^2.4.0"
      },
      "peerDependencies": {
        "@emotion/is-prop-valid": "*",
        "react": "^18.0.0 || ^19.0.0",
        "react-dom": "^18.0.0 || ^19.0.0"
      },
      "peerDependenciesMeta": {
        "@emotion/is-prop-valid": {
          "optional": true
        },
        "react": {
          "optional": true
        },
        "react-dom": {
          "optional": true
        }
      }
    },
    "node_modules/goober": {
      "version": "2.1.16",
      "resolved": "https://registry.npmjs.org/goober/-/goober-2.1.16.tgz",
      "integrity": "sha512-erjk19y1U33+XAMe1VTvIONHYoSqE4iS7BYUZfHaqeohLmnC0FdxEh7rQU+6MZ4OajItzjZFSRtVANrQwNq6/g==",
      "license": "MIT",
      "peerDependencies": {
        "csstype": "^3.0.10"
      }
    },
    "node_modules/invariant": {
      "version": "2.2.4",
      "resolved": "https://registry.npmjs.org/invariant/-/invariant-2.2.4.tgz",
      "integrity": "sha512-phJfQVBuaJM5raOpJjSfkiD6BpbCE4Ns//LaXl6wGYtUBY83nWS6Rf9tXm2e8VaK60JEjYldbPif/A2B1C2gNA==",
      "license": "MIT",
      "dependencies": {
        "loose-envify": "^1.0.0"
      }
    },
    "node_modules/js-tokens": {
      "version": "4.0.0",
      "resolved": "https://registry.npmjs.org/js-tokens/-/js-tokens-4.0.0.tgz",
      "integrity": "sha512-RdJUflcE3cUzKiMqQgsCu06FPu9UdIJO0beYbPhHN4k6apgJtifcoCtT9bcxOpYBtpD2kCM6Sbzg4CausW/PKQ==",
      "license": "MIT"
    },
    "node_modules/kdbush": {
      "version": "4.0.2",
      "resolved": "https://registry.npmjs.org/kdbush/-/kdbush-4.0.2.tgz",
      "integrity": "sha512-WbCVYJ27Sz8zi9Q7Q0xHC+05iwkm3Znipc2XTlrnJbsHMYktW4hPhXUE8Ys1engBrvffoSCqbil1JQAa7clRpA==",
      "license": "ISC"
    },
    "node_modules/loose-envify": {
      "version": "1.4.0",
      "resolved": "https://registry.npmjs.org/loose-envify/-/loose-envify-1.4.0.tgz",
      "integrity": "sha512-lyuxPGr/Wfhrlem2CL/UcnUc1zcqKAImBDzukY7Y5F/yQiNdko6+fRLevlw1HgMySw7f611UIY408EtxRSoK3Q==",
      "license": "MIT",
      "dependencies": {
        "js-tokens": "^3.0.0 || ^4.0.0"
      },
      "bin": {
        "loose-envify": "cli.js"
      }
    },
    "node_modules/lottie-react": {
      "version": "2.4.1",
      "resolved": "https://registry.npmjs.org/lottie-react/-/lottie-react-2.4.1.tgz",
      "integrity": "sha512-LQrH7jlkigIIv++wIyrOYFLHSKQpEY4zehPicL9bQsrt1rnoKRYCYgpCUe5maqylNtacy58/sQDZTkwMcTRxZw==",
      "license": "MIT",
      "dependencies": {
        "lottie-web": "^5.10.2"
      },
      "peerDependencies": {
        "react": "^16.8.0 || ^17.0.0 || ^18.0.0 || ^19.0.0",
        "react-dom": "^16.8.0 || ^17.0.0 || ^18.0.0 || ^19.0.0"
      }
    },
    "node_modules/lottie-web": {
      "version": "5.13.0",
      "resolved": "https://registry.npmjs.org/lottie-web/-/lottie-web-5.13.0.tgz",
      "integrity": "sha512-+gfBXl6sxXMPe8tKQm7qzLnUy5DUPJPKIyRHwtpCpyUEYjHYRJC/5gjUvdkuO2c3JllrPtHXH5UJJK8LRYl5yQ==",
      "license": "MIT"
    },
    "node_modules/motion-dom": {
      "version": "12.23.12",
      "resolved": "https://registry.npmjs.org/motion-dom/-/motion-dom-12.23.12.tgz",
      "integrity": "sha512-RcR4fvMCTESQBD/uKQe49D5RUeDOokkGRmz4ceaJKDBgHYtZtntC/s2vLvY38gqGaytinij/yi3hMcWVcEF5Kw==",
      "license": "MIT",
      "dependencies": {
        "motion-utils": "^12.23.6"
      }
    },
    "node_modules/motion-utils": {
      "version": "12.23.6",
      "resolved": "https://registry.npmjs.org/motion-utils/-/motion-utils-12.23.6.tgz",
      "integrity": "sha512-eAWoPgr4eFEOFfg2WjIsMoqJTW6Z8MTUCgn/GZ3VRpClWBdnbjryiA3ZSNLyxCTmCQx4RmYX6jX1iWHbenUPNQ==",
      "license": "MIT"
    },
    "node_modules/nanoid": {
      "version": "3.3.11",
      "resolved": "https://registry.npmjs.org/nanoid/-/nanoid-3.3.11.tgz",
      "integrity": "sha512-N8SpfPUnUp1bK+PMYW8qSWdl9U+wwNWI4QKxOYDy9JAro3WMX7p2OeVRF9v+347pnakNevPmiHhNmZ2HbFA76w==",
      "funding": [
        {
          "type": "github",
          "url": "https://github.com/sponsors/ai"
        }
      ],
      "license": "MIT",
      "bin": {
        "nanoid": "bin/nanoid.cjs"
      },
      "engines": {
        "node": "^10 || ^12 || ^13.7 || ^14 || >=15.0.1"
      }
    },
    "node_modules/picocolors": {
      "version": "1.1.1",
      "resolved": "https://registry.npmjs.org/picocolors/-/picocolors-1.1.1.tgz",
      "integrity": "sha512-xceH2snhtb5M9liqDsmEw56le376mTZkEX/jEb/RxNFyegNul7eNslCXP9FDj/Lcu0X8KEyMceP2ntpaHrDEVA==",
      "license": "ISC"
    },
    "node_modules/postcss": {
      "version": "8.4.49",
      "resolved": "https://registry.npmjs.org/postcss/-/postcss-8.4.49.tgz",
      "integrity": "sha512-OCVPnIObs4N29kxTjzLfUryOkvZEq+pf8jTF0lg8E7uETuWHA+v7j3c/xJmiqpX450191LlmZfUKkXxkTry7nA==",
      "funding": [
        {
          "type": "opencollective",
          "url": "https://opencollective.com/postcss/"
        },
        {
          "type": "tidelift",
          "url": "https://tidelift.com/funding/github/npm/postcss"
        },
        {
          "type": "github",
          "url": "https://github.com/sponsors/ai"
        }
      ],
      "license": "MIT",
      "dependencies": {
        "nanoid": "^3.3.7",
        "picocolors": "^1.1.1",
        "source-map-js": "^1.2.1"
      },
      "engines": {
        "node": "^10 || ^12 || >=14"
      }
    },
    "node_modules/postcss-value-parser": {
      "version": "4.2.0",
      "resolved": "https://registry.npmjs.org/postcss-value-parser/-/postcss-value-parser-4.2.0.tgz",
      "integrity": "sha512-1NNCs6uurfkVbeXG4S8JFT9t19m45ICnif8zWLd5oPSZ50QnwMfK+H3jv408d4jw/7Bttv5axS5IiHoLaVNHeQ==",
      "license": "MIT"
    },
    "node_modules/react": {
      "version": "19.1.0",
      "resolved": "https://registry.npmjs.org/react/-/react-19.1.0.tgz",
      "integrity": "sha512-FS+XFBNvn3GTAWq26joslQgWNoFu08F4kl0J4CgdNKADkdSGXQyTCnKteIAJy96Br6YbpEU1LSzV5dYtjMkMDg==",
      "license": "MIT",
      "engines": {
        "node": ">=0.10.0"
      }
    },
    "node_modules/react-dom": {
      "version": "19.1.0",
      "resolved": "https://registry.npmjs.org/react-dom/-/react-dom-19.1.0.tgz",
      "integrity": "sha512-Xs1hdnE+DyKgeHJeJznQmYMIBG3TKIHJJT95Q58nHLSrElKlGQqDTR2HQ9fx5CN/Gk6Vh/kupBTDLU11/nDk/g==",
      "license": "MIT",
      "dependencies": {
        "scheduler": "^0.26.0"
      },
      "peerDependencies": {
        "react": "^19.1.0"
      }
    },
    "node_modules/react-hot-toast": {
      "version": "2.5.2",
      "resolved": "https://registry.npmjs.org/react-hot-toast/-/react-hot-toast-2.5.2.tgz",
      "integrity": "sha512-Tun3BbCxzmXXM7C+NI4qiv6lT0uwGh4oAfeJyNOjYUejTsm35mK9iCaYLGv8cBz9L5YxZLx/2ii7zsIwPtPUdw==",
      "license": "MIT",
      "dependencies": {
        "csstype": "^3.1.3",
        "goober": "^2.1.16"
      },
      "engines": {
        "node": ">=10"
      },
      "peerDependencies": {
        "react": ">=16",
        "react-dom": ">=16"
      }
    },
    "node_modules/react-icons": {
      "version": "5.5.0",
      "resolved": "https://registry.npmjs.org/react-icons/-/react-icons-5.5.0.tgz",
      "integrity": "sha512-MEFcXdkP3dLo8uumGI5xN3lDFNsRtrjbOEKDLD7yv76v4wpnEq2Lt2qeHaQOr34I/wPN3s3+N08WkQ+CW37Xiw==",
      "license": "MIT",
      "peerDependencies": {
        "react": "*"
      }
    },
    "node_modules/scheduler": {
      "version": "0.26.0",
      "resolved": "https://registry.npmjs.org/scheduler/-/scheduler-0.26.0.tgz",
      "integrity": "sha512-NlHwttCI/l5gCPR3D1nNXtWABUmBwvZpEQiD4IXSbIDq8BzLIK/7Ir5gTFSGZDUu37K5cMNp0hFtzO38sC7gWA==",
      "license": "MIT"
    },
    "node_modules/shallowequal": {
      "version": "1.1.0",
      "resolved": "https://registry.npmjs.org/shallowequal/-/shallowequal-1.1.0.tgz",
      "integrity": "sha512-y0m1JoUZSlPAjXVtPPW70aZWfIL/dSP7AFkRnniLCrK/8MDKog3TySTBmckD+RObVxH0v4Tox67+F14PdED2oQ==",
      "license": "MIT"
    },
    "node_modules/source-map-js": {
      "version": "1.2.1",
      "resolved": "https://registry.npmjs.org/source-map-js/-/source-map-js-1.2.1.tgz",
      "integrity": "sha512-UXWMKhLOwVKb728IUtQPXxfYU+usdybtUrK/8uGE8CQMvrhOpwvzDBwj0QhSL7MQc7vIsISBG8VQ8+IDQxpfQA==",
      "license": "BSD-3-Clause",
      "engines": {
        "node": ">=0.10.0"
      }
    },
    "node_modules/styled-components": {
      "version": "6.1.19",
      "resolved": "https://registry.npmjs.org/styled-components/-/styled-components-6.1.19.tgz",
      "integrity": "sha512-1v/e3Dl1BknC37cXMhwGomhO8AkYmN41CqyX9xhUDxry1ns3BFQy2lLDRQXJRdVVWB9OHemv/53xaStimvWyuA==",
      "license": "MIT",
      "dependencies": {
        "@emotion/is-prop-valid": "1.2.2",
        "@emotion/unitless": "0.8.1",
        "@types/stylis": "4.2.5",
        "css-to-react-native": "3.2.0",
        "csstype": "3.1.3",
        "postcss": "8.4.49",
        "shallowequal": "1.1.0",
        "stylis": "4.3.2",
        "tslib": "2.6.2"
      },
      "engines": {
        "node": ">= 16"
      },
      "funding": {
        "type": "opencollective",
        "url": "https://opencollective.com/styled-components"
      },
      "peerDependencies": {
        "react": ">= 16.8.0",
        "react-dom": ">= 16.8.0"
      }
    },
    "node_modules/stylis": {
      "version": "4.3.2",
      "resolved": "https://registry.npmjs.org/stylis/-/stylis-4.3.2.tgz",
      "integrity": "sha512-bhtUjWd/z6ltJiQwg0dUfxEJ+W+jdqQd8TbWLWyeIJHlnsqmGLRFFd8e5mA0AZi/zx90smXRlN66YMTcaSFifg==",
      "license": "MIT"
    },
    "node_modules/supercluster": {
      "version": "8.0.1",
      "resolved": "https://registry.npmjs.org/supercluster/-/supercluster-8.0.1.tgz",
      "integrity": "sha512-IiOea5kJ9iqzD2t7QJq/cREyLHTtSmUT6gQsweojg9WH2sYJqZK9SswTu6jrscO6D1G5v5vYZ9ru/eq85lXeZQ==",
      "license": "ISC",
      "dependencies": {
        "kdbush": "^4.0.2"
      }
    },
    "node_modules/tslib": {
      "version": "2.6.2",
      "resolved": "https://registry.npmjs.org/tslib/-/tslib-2.6.2.tgz",
      "integrity": "sha512-AEYxH93jGFPn/a2iVAwW87VuUIkR1FVUKB77NwMF7nBTDkDrrT/Hpt/IrCJ0QXhW27jTBDcf5ZY7w6RiqTMw2Q==",
      "license": "0BSD"
    },
    "node_modules/tsparticles-engine": {
      "version": "2.12.0",
      "resolved": "https://registry.npmjs.org/tsparticles-engine/-/tsparticles-engine-2.12.0.tgz",
      "integrity": "sha512-ZjDIYex6jBJ4iMc9+z0uPe7SgBnmb6l+EJm83MPIsOny9lPpetMsnw/8YJ3xdxn8hV+S3myTpTN1CkOVmFv0QQ==",
      "deprecated": "starting from tsparticles v3 the packages are now moved to @tsparticles/package-name instead of tsparticles-package-name",
      "funding": [
        {
          "type": "github",
          "url": "https://github.com/sponsors/matteobruni"
        },
        {
          "type": "github",
          "url": "https://github.com/sponsors/tsparticles"
        },
        {
          "type": "buymeacoffee",
          "url": "https://www.buymeacoffee.com/matteobruni"
        }
      ],
      "hasInstallScript": true,
      "license": "MIT"
    }
  }
}
